
Microsoft Visual Studio Solution File, Format Version 12.00
# Visual Studio 14
VisualStudioVersion = 14.0.25420.1
MinimumVisualStudioVersion = 10.0.40219.1
Project("{FAE04EC0-301F-11D3-BF4B-00C04F79EFBC}") = "TaxiSystem.Web", "TaxiSystem\TaxiSystem.Web.csproj", "{C4527011-4D80-451D-ABAD-50D26F33B469}"
EndProject
Project("{FAE04EC0-301F-11D3-BF4B-00C04F79EFBC}") = "TaxiSystem.Test", "TaxiSystem.Test\TaxiSystem.Test.csproj", "{73F12284-1B7B-4254-9991-5D464A2DA460}"
EndProject
Project("{FAE04EC0-301F-11D3-BF4B-00C04F79EFBC}") = "TaxiSystem.Business", "TaxiSystem.Logic\TaxiSystem.Business.csproj", "{84E2FF39-95D4-4512-921D-02B117C79091}"
EndProject
Project("{FAE04EC0-301F-11D3-BF4B-00C04F79EFBC}") = "TaxiSystem.Data", "TaxiSystem.Data\TaxiSystem.Data.csproj", "{F54F022A-B7CA-47A1-858F-FED7E850C6BF}"
EndProject
Project("{FAE04EC0-301F-11D3-BF4B-00C04F79EFBC}") = "TaxiSystem.Model", "TaxiSystem.Model\TaxiSystem.Model.csproj", "{9A559F54-268F-4344-B909-C6297645712A}"
EndProject
Global
	GlobalSection(SolutionConfigurationPlatforms) = preSolution
		Debug|Any CPU = Debug|Any CPU
		Release|Any CPU = Release|Any CPU
	EndGlobalSection
	GlobalSection(ProjectConfigurationPlatforms) = postSolution
		{C4527011-4D80-451D-ABAD-50D26F33B469}.Debug|Any CPU.ActiveCfg = Debug|Any CPU
		{C4527011-4D80-451D-ABAD-50D26F33B469}.Debug|Any CPU.Build.0 = Debug|Any CPU
		{C4527011-4D80-451D-ABAD-50D26F33B469}.Release|Any CPU.ActiveCfg = Release|Any CPU
		{C4527011-4D80-451D-ABAD-50D26F33B469}.Release|Any CPU.Build.0 = Release|Any CPU
		{73F12284-1B7B-4254-9991-5D464A2DA460}.Debug|Any CPU.ActiveCfg = Debug|Any CPU
		{73F12284-1B7B-4254-9991-5D464A2DA460}.Debug|Any CPU.Build.0 = Debug|Any CPU
		{73F12284-1B7B-4254-9991-5D464A2DA460}.Release|Any CPU.ActiveCfg = Release|Any CPU
		{73F12284-1B7B-4254-9991-5D464A2DA460}.Release|Any CPU.Build.0 = Release|Any CPU
		{84E2FF39-95D4-4512-921D-02B117C79091}.Debug|Any CPU.ActiveCfg = Debug|Any CPU
		{84E2FF39-95D4-4512-921D-02B117C79091}.Debug|Any CPU.Build.0 = Debug|Any CPU
		{84E2FF39-95D4-4512-921D-02B117C79091}.Release|Any CPU.ActiveCfg = Release|Any CPU
		{84E2FF39-95D4-4512-921D-02B117C79091}.Release|Any CPU.Build.0 = Release|Any CPU
		{F54F022A-B7CA-47A1-858F-FED7E850C6BF}.Debug|Any CPU.ActiveCfg = Debug|Any CPU
		{F54F022A-B7CA-47A1-858F-FED7E850C6BF}.Debug|Any CPU.Build.0 = Debug|Any CPU
		{F54F022A-B7CA-47A1-858F-FED7E850C6BF}.Release|Any CPU.ActiveCfg = Release|Any CPU
		{F54F022A-B7CA-47A1-858F-FED7E850C6BF}.Release|Any CPU.Build.0 = Release|Any CPU
		{9A559F54-268F-4344-B909-C6297645712A}.Debug|Any CPU.ActiveCfg = Debug|Any CPU
		{9A559F54-268F-4344-B909-C6297645712A}.Debug|Any CPU.Build.0 = Debug|Any CPU
		{9A559F54-268F-4344-B909-C6297645712A}.Release|Any CPU.ActiveCfg = Release|Any CPU
		{9A559F54-268F-4344-B909-C6297645712A}.Release|Any CPU.Build.0 = Release|Any CPU
	EndGlobalSection
	GlobalSection(SolutionProperties) = preSolution
		HideSolutionNode = FALSE
	EndGlobalSection
EndGlobal
